// !$*UTF8*$!
{
	archiveVersion = 1;
	classes = {
	};
	objectVersion = 52;
	objects = {

/* Begin PBXBuildFile section */
		B92F170126DA4B6200119DD2 /* CategoriesViewModelImpl.swift in Sources */ = {isa = PBXBuildFile; fileRef = B92F170026DA4B6200119DD2 /* CategoriesViewModelImpl.swift */; };
		B92F170326DA61CB00119DD2 /* DependencyContailer.swift in Sources */ = {isa = PBXBuildFile; fileRef = B92F170226DA61CB00119DD2 /* DependencyContailer.swift */; };
		B92F170E26DA702400119DD2 /* NewsFeedViewModel.swift in Sources */ = {isa = PBXBuildFile; fileRef = B92F170D26DA702400119DD2 /* NewsFeedViewModel.swift */; };
		B92F171026DA709900119DD2 /* NewsFeedViewModelImpl.swift in Sources */ = {isa = PBXBuildFile; fileRef = B92F170F26DA709900119DD2 /* NewsFeedViewModelImpl.swift */; };
		B975225926D92F99004B4BC6 /* AppDelegate.swift in Sources */ = {isa = PBXBuildFile; fileRef = B975225826D92F99004B4BC6 /* AppDelegate.swift */; };
		B975225B26D92F99004B4BC6 /* SceneDelegate.swift in Sources */ = {isa = PBXBuildFile; fileRef = B975225A26D92F99004B4BC6 /* SceneDelegate.swift */; };
		B975225F26D92F9A004B4BC6 /* Assets.xcassets in Resources */ = {isa = PBXBuildFile; fileRef = B975225E26D92F9A004B4BC6 /* Assets.xcassets */; };
		B975226526D92F9A004B4BC6 /* LaunchScreen.storyboard in Resources */ = {isa = PBXBuildFile; fileRef = B975226326D92F9A004B4BC6 /* LaunchScreen.storyboard */; };
		B975227026D92F9B004B4BC6 /* RssReaderTests.swift in Sources */ = {isa = PBXBuildFile; fileRef = B975226F26D92F9B004B4BC6 /* RssReaderTests.swift */; };
		B975227B26D92F9B004B4BC6 /* RssReaderUITests.swift in Sources */ = {isa = PBXBuildFile; fileRef = B975227A26D92F9B004B4BC6 /* RssReaderUITests.swift */; };
		B9B80BD526D9340E0030024E /* SnapKit in Frameworks */ = {isa = PBXBuildFile; productRef = B9B80BD426D9340E0030024E /* SnapKit */; };
		B9B80BD826D934760030024E /* RxSwift in Frameworks */ = {isa = PBXBuildFile; productRef = B9B80BD726D934760030024E /* RxSwift */; };
		B9B80BDA26D934760030024E /* RxCocoa in Frameworks */ = {isa = PBXBuildFile; productRef = B9B80BD926D934760030024E /* RxCocoa */; };
		B9B80BDC26D934760030024E /* RxRelay in Frameworks */ = {isa = PBXBuildFile; productRef = B9B80BDB26D934760030024E /* RxRelay */; };
		B9B80BDF26D934B10030024E /* FeedKit in Frameworks */ = {isa = PBXBuildFile; productRef = B9B80BDE26D934B10030024E /* FeedKit */; };
		B9B80BE226D936500030024E /* RSSParser.swift in Sources */ = {isa = PBXBuildFile; fileRef = B9B80BE126D936500030024E /* RSSParser.swift */; };
		B9B80BE426D940960030024E /* FeedKitParser.swift in Sources */ = {isa = PBXBuildFile; fileRef = B9B80BE326D940960030024E /* FeedKitParser.swift */; };
		B9B80BE626D945F60030024E /* CategoriesViewController.swift in Sources */ = {isa = PBXBuildFile; fileRef = B9B80BE526D945F60030024E /* CategoriesViewController.swift */; };
		B9B80BE826D948190030024E /* Category.swift in Sources */ = {isa = PBXBuildFile; fileRef = B9B80BE726D948190030024E /* Category.swift */; };
		B9B80BEB26D948C90030024E /* CategoriesProvider.swift in Sources */ = {isa = PBXBuildFile; fileRef = B9B80BEA26D948C90030024E /* CategoriesProvider.swift */; };
		B9B80BEF26D94A710030024E /* DefaultCagegoriesProvider.swift in Sources */ = {isa = PBXBuildFile; fileRef = B9B80BEE26D94A710030024E /* DefaultCagegoriesProvider.swift */; };
		B9B80BF126DA3BB10030024E /* CategoriesCollectionViewCell.swift in Sources */ = {isa = PBXBuildFile; fileRef = B9B80BF026DA3BB10030024E /* CategoriesCollectionViewCell.swift */; };
		B9B80BF426DA46780030024E /* CategoriesViewModel.swift in Sources */ = {isa = PBXBuildFile; fileRef = B9B80BF326DA46780030024E /* CategoriesViewModel.swift */; };
/* End PBXBuildFile section */

/* Begin PBXContainerItemProxy section */
		B975226C26D92F9B004B4BC6 /* PBXContainerItemProxy */ = {
			isa = PBXContainerItemProxy;
			containerPortal = B975224D26D92F99004B4BC6 /* Project object */;
			proxyType = 1;
			remoteGlobalIDString = B975225426D92F99004B4BC6;
			remoteInfo = RssReader;
		};
		B975227726D92F9B004B4BC6 /* PBXContainerItemProxy */ = {
			isa = PBXContainerItemProxy;
			containerPortal = B975224D26D92F99004B4BC6 /* Project object */;
			proxyType = 1;
			remoteGlobalIDString = B975225426D92F99004B4BC6;
			remoteInfo = RssReader;
		};
/* End PBXContainerItemProxy section */

/* Begin PBXFileReference section */
		B92F170026DA4B6200119DD2 /* CategoriesViewModelImpl.swift */ = {isa = PBXFileReference; lastKnownFileType = sourcecode.swift; path = CategoriesViewModelImpl.swift; sourceTree = "<group>"; };
		B92F170226DA61CB00119DD2 /* DependencyContailer.swift */ = {isa = PBXFileReference; lastKnownFileType = sourcecode.swift; path = DependencyContailer.swift; sourceTree = "<group>"; };
		B92F170D26DA702400119DD2 /* NewsFeedViewModel.swift */ = {isa = PBXFileReference; lastKnownFileType = sourcecode.swift; path = NewsFeedViewModel.swift; sourceTree = "<group>"; };
		B92F170F26DA709900119DD2 /* NewsFeedViewModelImpl.swift */ = {isa = PBXFileReference; lastKnownFileType = sourcecode.swift; path = NewsFeedViewModelImpl.swift; sourceTree = "<group>"; };
		B975225526D92F99004B4BC6 /* RssReader.app */ = {isa = PBXFileReference; explicitFileType = wrapper.application; includeInIndex = 0; path = RssReader.app; sourceTree = BUILT_PRODUCTS_DIR; };
		B975225826D92F99004B4BC6 /* AppDelegate.swift */ = {isa = PBXFileReference; lastKnownFileType = sourcecode.swift; path = AppDelegate.swift; sourceTree = "<group>"; };
		B975225A26D92F99004B4BC6 /* SceneDelegate.swift */ = {isa = PBXFileReference; lastKnownFileType = sourcecode.swift; path = SceneDelegate.swift; sourceTree = "<group>"; };
		B975225E26D92F9A004B4BC6 /* Assets.xcassets */ = {isa = PBXFileReference; lastKnownFileType = folder.assetcatalog; path = Assets.xcassets; sourceTree = "<group>"; };
		B975226426D92F9A004B4BC6 /* Base */ = {isa = PBXFileReference; lastKnownFileType = file.storyboard; name = Base; path = Base.lproj/LaunchScreen.storyboard; sourceTree = "<group>"; };
		B975226626D92F9A004B4BC6 /* Info.plist */ = {isa = PBXFileReference; lastKnownFileType = text.plist.xml; path = Info.plist; sourceTree = "<group>"; };
		B975226B26D92F9B004B4BC6 /* RssReaderTests.xctest */ = {isa = PBXFileReference; explicitFileType = wrapper.cfbundle; includeInIndex = 0; path = RssReaderTests.xctest; sourceTree = BUILT_PRODUCTS_DIR; };
		B975226F26D92F9B004B4BC6 /* RssReaderTests.swift */ = {isa = PBXFileReference; lastKnownFileType = sourcecode.swift; path = RssReaderTests.swift; sourceTree = "<group>"; };
		B975227126D92F9B004B4BC6 /* Info.plist */ = {isa = PBXFileReference; lastKnownFileType = text.plist.xml; path = Info.plist; sourceTree = "<group>"; };
		B975227626D92F9B004B4BC6 /* RssReaderUITests.xctest */ = {isa = PBXFileReference; explicitFileType = wrapper.cfbundle; includeInIndex = 0; path = RssReaderUITests.xctest; sourceTree = BUILT_PRODUCTS_DIR; };
		B975227A26D92F9B004B4BC6 /* RssReaderUITests.swift */ = {isa = PBXFileReference; lastKnownFileType = sourcecode.swift; path = RssReaderUITests.swift; sourceTree = "<group>"; };
		B975227C26D92F9B004B4BC6 /* Info.plist */ = {isa = PBXFileReference; lastKnownFileType = text.plist.xml; path = Info.plist; sourceTree = "<group>"; };
		B9B80BE126D936500030024E /* RSSParser.swift */ = {isa = PBXFileReference; lastKnownFileType = sourcecode.swift; path = RSSParser.swift; sourceTree = "<group>"; };
		B9B80BE326D940960030024E /* FeedKitParser.swift */ = {isa = PBXFileReference; lastKnownFileType = sourcecode.swift; path = FeedKitParser.swift; sourceTree = "<group>"; };
		B9B80BE526D945F60030024E /* CategoriesViewController.swift */ = {isa = PBXFileReference; lastKnownFileType = sourcecode.swift; path = CategoriesViewController.swift; sourceTree = "<group>"; };
		B9B80BE726D948190030024E /* Category.swift */ = {isa = PBXFileReference; lastKnownFileType = sourcecode.swift; path = Category.swift; sourceTree = "<group>"; };
		B9B80BEA26D948C90030024E /* CategoriesProvider.swift */ = {isa = PBXFileReference; lastKnownFileType = sourcecode.swift; path = CategoriesProvider.swift; sourceTree = "<group>"; };
		B9B80BEE26D94A710030024E /* DefaultCagegoriesProvider.swift */ = {isa = PBXFileReference; lastKnownFileType = sourcecode.swift; path = DefaultCagegoriesProvider.swift; sourceTree = "<group>"; };
		B9B80BF026DA3BB10030024E /* CategoriesCollectionViewCell.swift */ = {isa = PBXFileReference; lastKnownFileType = sourcecode.swift; path = CategoriesCollectionViewCell.swift; sourceTree = "<group>"; };
		B9B80BF326DA46780030024E /* CategoriesViewModel.swift */ = {isa = PBXFileReference; lastKnownFileType = sourcecode.swift; path = CategoriesViewModel.swift; sourceTree = "<group>"; };
/* End PBXFileReference section */

/* Begin PBXFrameworksBuildPhase section */
		B975225226D92F99004B4BC6 /* Frameworks */ = {
			isa = PBXFrameworksBuildPhase;
			buildActionMask = 2147483647;
			files = (
				B9B80BDA26D934760030024E /* RxCocoa in Frameworks */,
				B9B80BDF26D934B10030024E /* FeedKit in Frameworks */,
				B9B80BD826D934760030024E /* RxSwift in Frameworks */,
				B9B80BDC26D934760030024E /* RxRelay in Frameworks */,
				B9B80BD526D9340E0030024E /* SnapKit in Frameworks */,
			);
			runOnlyForDeploymentPostprocessing = 0;
		};
		B975226826D92F9B004B4BC6 /* Frameworks */ = {
			isa = PBXFrameworksBuildPhase;
			buildActionMask = 2147483647;
			files = (
			);
			runOnlyForDeploymentPostprocessing = 0;
		};
		B975227326D92F9B004B4BC6 /* Frameworks */ = {
			isa = PBXFrameworksBuildPhase;
			buildActionMask = 2147483647;
			files = (
			);
			runOnlyForDeploymentPostprocessing = 0;
		};
/* End PBXFrameworksBuildPhase section */

/* Begin PBXGroup section */
		B92F170C26DA700F00119DD2 /* NewsFeed */ = {
			isa = PBXGroup;
			children = (
				B92F171126DA75E700119DD2 /* ViewModel */,
			);
			path = NewsFeed;
			sourceTree = "<group>";
		};
		B92F171126DA75E700119DD2 /* ViewModel */ = {
			isa = PBXGroup;
			children = (
				B92F170D26DA702400119DD2 /* NewsFeedViewModel.swift */,
				B92F170F26DA709900119DD2 /* NewsFeedViewModelImpl.swift */,
			);
			path = ViewModel;
			sourceTree = "<group>";
		};
		B975224C26D92F99004B4BC6 = {
			isa = PBXGroup;
			children = (
				B975225726D92F99004B4BC6 /* RssReader */,
				B975226E26D92F9B004B4BC6 /* RssReaderTests */,
				B975227926D92F9B004B4BC6 /* RssReaderUITests */,
				B975225626D92F99004B4BC6 /* Products */,
			);
			sourceTree = "<group>";
		};
		B975225626D92F99004B4BC6 /* Products */ = {
			isa = PBXGroup;
			children = (
				B975225526D92F99004B4BC6 /* RssReader.app */,
				B975226B26D92F9B004B4BC6 /* RssReaderTests.xctest */,
				B975227626D92F9B004B4BC6 /* RssReaderUITests.xctest */,
			);
			name = Products;
			sourceTree = "<group>";
		};
		B975225726D92F99004B4BC6 /* RssReader */ = {
			isa = PBXGroup;
			children = (
				B975225826D92F99004B4BC6 /* AppDelegate.swift */,
				B975225A26D92F99004B4BC6 /* SceneDelegate.swift */,
				B92F170226DA61CB00119DD2 /* DependencyContailer.swift */,
				B9B80BCF26D931B10030024E /* Features */,
				B9B80BD226D9323D0030024E /* Models */,
				B9B80BE026D936310030024E /* DataSource */,
				B975225E26D92F9A004B4BC6 /* Assets.xcassets */,
				B975226326D92F9A004B4BC6 /* LaunchScreen.storyboard */,
				B975226626D92F9A004B4BC6 /* Info.plist */,
			);
			path = RssReader;
			sourceTree = "<group>";
		};
		B975226E26D92F9B004B4BC6 /* RssReaderTests */ = {
			isa = PBXGroup;
			children = (
				B975226F26D92F9B004B4BC6 /* RssReaderTests.swift */,
				B975227126D92F9B004B4BC6 /* Info.plist */,
			);
			path = RssReaderTests;
			sourceTree = "<group>";
		};
		B975227926D92F9B004B4BC6 /* RssReaderUITests */ = {
			isa = PBXGroup;
			children = (
				B975227A26D92F9B004B4BC6 /* RssReaderUITests.swift */,
				B975227C26D92F9B004B4BC6 /* Info.plist */,
			);
			path = RssReaderUITests;
			sourceTree = "<group>";
		};
		B9B80BCF26D931B10030024E /* Features */ = {
			isa = PBXGroup;
			children = (
				B9B80BD126D931E40030024E /* NewsCategories */,
				B92F170C26DA700F00119DD2 /* NewsFeed */,
			);
			path = Features;
			sourceTree = "<group>";
		};
		B9B80BD126D931E40030024E /* NewsCategories */ = {
			isa = PBXGroup;
			children = (
				B9B80BF226DA46180030024E /* ViewModel */,
				B9B80BE526D945F60030024E /* CategoriesViewController.swift */,
				B9B80BF026DA3BB10030024E /* CategoriesCollectionViewCell.swift */,
			);
			path = NewsCategories;
			sourceTree = "<group>";
		};
		B9B80BD226D9323D0030024E /* Models */ = {
			isa = PBXGroup;
			children = (
				B9B80BE726D948190030024E /* Category.swift */,
			);
			path = Models;
			sourceTree = "<group>";
		};
		B9B80BE026D936310030024E /* DataSource */ = {
			isa = PBXGroup;
			children = (
				B9B80BED26D948EA0030024E /* NewsCategories */,
				B9B80BEC26D948DC0030024E /* NewsFeed */,
			);
			path = DataSource;
			sourceTree = "<group>";
		};
		B9B80BEC26D948DC0030024E /* NewsFeed */ = {
			isa = PBXGroup;
			children = (
				B9B80BE126D936500030024E /* RSSParser.swift */,
				B9B80BE326D940960030024E /* FeedKitParser.swift */,
			);
			path = NewsFeed;
			sourceTree = "<group>";
		};
		B9B80BED26D948EA0030024E /* NewsCategories */ = {
			isa = PBXGroup;
			children = (
				B9B80BEA26D948C90030024E /* CategoriesProvider.swift */,
				B9B80BEE26D94A710030024E /* DefaultCagegoriesProvider.swift */,
			);
			path = NewsCategories;
			sourceTree = "<group>";
		};
		B9B80BF226DA46180030024E /* ViewModel */ = {
			isa = PBXGroup;
			children = (
				B9B80BF326DA46780030024E /* CategoriesViewModel.swift */,
				B92F170026DA4B6200119DD2 /* CategoriesViewModelImpl.swift */,
			);
			path = ViewModel;
			sourceTree = "<group>";
		};
/* End PBXGroup section */

/* Begin PBXNativeTarget section */
		B975225426D92F99004B4BC6 /* RssReader */ = {
			isa = PBXNativeTarget;
			buildConfigurationList = B975227F26D92F9B004B4BC6 /* Build configuration list for PBXNativeTarget "RssReader" */;
			buildPhases = (
				B975225126D92F99004B4BC6 /* Sources */,
				B975225226D92F99004B4BC6 /* Frameworks */,
				B975225326D92F99004B4BC6 /* Resources */,
			);
			buildRules = (
			);
			dependencies = (
			);
			name = RssReader;
			packageProductDependencies = (
				B9B80BD426D9340E0030024E /* SnapKit */,
				B9B80BD726D934760030024E /* RxSwift */,
				B9B80BD926D934760030024E /* RxCocoa */,
				B9B80BDB26D934760030024E /* RxRelay */,
				B9B80BDE26D934B10030024E /* FeedKit */,
			);
			productName = RssReader;
			productReference = B975225526D92F99004B4BC6 /* RssReader.app */;
			productType = "com.apple.product-type.application";
		};
		B975226A26D92F9B004B4BC6 /* RssReaderTests */ = {
			isa = PBXNativeTarget;
			buildConfigurationList = B975228226D92F9B004B4BC6 /* Build configuration list for PBXNativeTarget "RssReaderTests" */;
			buildPhases = (
				B975226726D92F9B004B4BC6 /* Sources */,
				B975226826D92F9B004B4BC6 /* Frameworks */,
				B975226926D92F9B004B4BC6 /* Resources */,
			);
			buildRules = (
			);
			dependencies = (
				B975226D26D92F9B004B4BC6 /* PBXTargetDependency */,
			);
			name = RssReaderTests;
			productName = RssReaderTests;
			productReference = B975226B26D92F9B004B4BC6 /* RssReaderTests.xctest */;
			productType = "com.apple.product-type.bundle.unit-test";
		};
		B975227526D92F9B004B4BC6 /* RssReaderUITests */ = {
			isa = PBXNativeTarget;
			buildConfigurationList = B975228526D92F9B004B4BC6 /* Build configuration list for PBXNativeTarget "RssReaderUITests" */;
			buildPhases = (
				B975227226D92F9B004B4BC6 /* Sources */,
				B975227326D92F9B004B4BC6 /* Frameworks */,
				B975227426D92F9B004B4BC6 /* Resources */,
			);
			buildRules = (
			);
			dependencies = (
				B975227826D92F9B004B4BC6 /* PBXTargetDependency */,
			);
			name = RssReaderUITests;
			productName = RssReaderUITests;
			productReference = B975227626D92F9B004B4BC6 /* RssReaderUITests.xctest */;
			productType = "com.apple.product-type.bundle.ui-testing";
		};
/* End PBXNativeTarget section */

/* Begin PBXProject section */
		B975224D26D92F99004B4BC6 /* Project object */ = {
			isa = PBXProject;
			attributes = {
				LastSwiftUpdateCheck = 1250;
				LastUpgradeCheck = 1250;
				TargetAttributes = {
					B975225426D92F99004B4BC6 = {
						CreatedOnToolsVersion = 12.5.1;
					};
					B975226A26D92F9B004B4BC6 = {
						CreatedOnToolsVersion = 12.5.1;
						TestTargetID = B975225426D92F99004B4BC6;
					};
					B975227526D92F9B004B4BC6 = {
						CreatedOnToolsVersion = 12.5.1;
						TestTargetID = B975225426D92F99004B4BC6;
					};
				};
			};
			buildConfigurationList = B975225026D92F99004B4BC6 /* Build configuration list for PBXProject "RssReader" */;
			compatibilityVersion = "Xcode 9.3";
			developmentRegion = en;
			hasScannedForEncodings = 0;
			knownRegions = (
				en,
				Base,
			);
			mainGroup = B975224C26D92F99004B4BC6;
			packageReferences = (
				B9B80BD326D9340E0030024E /* XCRemoteSwiftPackageReference "SnapKit" */,
				B9B80BD626D934760030024E /* XCRemoteSwiftPackageReference "RxSwift" */,
				B9B80BDD26D934B10030024E /* XCRemoteSwiftPackageReference "FeedKit" */,
			);
			productRefGroup = B975225626D92F99004B4BC6 /* Products */;
			projectDirPath = "";
			projectRoot = "";
			targets = (
				B975225426D92F99004B4BC6 /* RssReader */,
				B975226A26D92F9B004B4BC6 /* RssReaderTests */,
				B975227526D92F9B004B4BC6 /* RssReaderUITests */,
			);
		};
/* End PBXProject section */

/* Begin PBXResourcesBuildPhase section */
		B975225326D92F99004B4BC6 /* Resources */ = {
			isa = PBXResourcesBuildPhase;
			buildActionMask = 2147483647;
			files = (
				B975226526D92F9A004B4BC6 /* LaunchScreen.storyboard in Resources */,
				B975225F26D92F9A004B4BC6 /* Assets.xcassets in Resources */,
			);
			runOnlyForDeploymentPostprocessing = 0;
		};
		B975226926D92F9B004B4BC6 /* Resources */ = {
			isa = PBXResourcesBuildPhase;
			buildActionMask = 2147483647;
			files = (
			);
			runOnlyForDeploymentPostprocessing = 0;
		};
		B975227426D92F9B004B4BC6 /* Resources */ = {
			isa = PBXResourcesBuildPhase;
			buildActionMask = 2147483647;
			files = (
			);
			runOnlyForDeploymentPostprocessing = 0;
		};
/* End PBXResourcesBuildPhase section */

/* Begin PBXSourcesBuildPhase section */
		B975225126D92F99004B4BC6 /* Sources */ = {
			isa = PBXSourcesBuildPhase;
			buildActionMask = 2147483647;
			files = (
				B9B80BF126DA3BB10030024E /* CategoriesCollectionViewCell.swift in Sources */,
				B975225926D92F99004B4BC6 /* AppDelegate.swift in Sources */,
				B9B80BF426DA46780030024E /* CategoriesViewModel.swift in Sources */,
				B9B80BEF26D94A710030024E /* DefaultCagegoriesProvider.swift in Sources */,
				B92F170126DA4B6200119DD2 /* CategoriesViewModelImpl.swift in Sources */,
				B92F171026DA709900119DD2 /* NewsFeedViewModelImpl.swift in Sources */,
				B975225B26D92F99004B4BC6 /* SceneDelegate.swift in Sources */,
				B9B80BE826D948190030024E /* Category.swift in Sources */,
				B9B80BE226D936500030024E /* RSSParser.swift in Sources */,
				B92F170E26DA702400119DD2 /* NewsFeedViewModel.swift in Sources */,
				B92F170326DA61CB00119DD2 /* DependencyContailer.swift in Sources */,
				B9B80BEB26D948C90030024E /* CategoriesProvider.swift in Sources */,
				B9B80BE426D940960030024E /* FeedKitParser.swift in Sources */,
				B9B80BE626D945F60030024E /* CategoriesViewController.swift in Sources */,
			);
			runOnlyForDeploymentPostprocessing = 0;
		};
		B975226726D92F9B004B4BC6 /* Sources */ = {
			isa = PBXSourcesBuildPhase;
			buildActionMask = 2147483647;
			files = (
				B975227026D92F9B004B4BC6 /* RssReaderTests.swift in Sources */,
			);
			runOnlyForDeploymentPostprocessing = 0;
		};
		B975227226D92F9B004B4BC6 /* Sources */ = {
			isa = PBXSourcesBuildPhase;
			buildActionMask = 2147483647;
			files = (
				B975227B26D92F9B004B4BC6 /* RssReaderUITests.swift in Sources */,
			);
			runOnlyForDeploymentPostprocessing = 0;
		};
/* End PBXSourcesBuildPhase section */

/* Begin PBXTargetDependency section */
		B975226D26D92F9B004B4BC6 /* PBXTargetDependency */ = {
			isa = PBXTargetDependency;
			target = B975225426D92F99004B4BC6 /* RssReader */;
			targetProxy = B975226C26D92F9B004B4BC6 /* PBXContainerItemProxy */;
		};
		B975227826D92F9B004B4BC6 /* PBXTargetDependency */ = {
			isa = PBXTargetDependency;
			target = B975225426D92F99004B4BC6 /* RssReader */;
			targetProxy = B975227726D92F9B004B4BC6 /* PBXContainerItemProxy */;
		};
/* End PBXTargetDependency section */

/* Begin PBXVariantGroup section */
		B975226326D92F9A004B4BC6 /* LaunchScreen.storyboard */ = {
			isa = PBXVariantGroup;
			children = (
				B975226426D92F9A004B4BC6 /* Base */,
			);
			name = LaunchScreen.storyboard;
			sourceTree = "<group>";
		};
/* End PBXVariantGroup section */

/* Begin XCBuildConfiguration section */
		B975227D26D92F9B004B4BC6 /* Debug */ = {
			isa = XCBuildConfiguration;
			buildSettings = {
				ALWAYS_SEARCH_USER_PATHS = NO;
				CLANG_ANALYZER_NONNULL = YES;
				CLANG_ANALYZER_NUMBER_OBJECT_CONVERSION = YES_AGGRESSIVE;
				CLANG_CXX_LANGUAGE_STANDARD = "gnu++14";
				CLANG_CXX_LIBRARY = "libc++";
				CLANG_ENABLE_MODULES = YES;
				CLANG_ENABLE_OBJC_ARC = YES;
				CLANG_ENABLE_OBJC_WEAK = YES;
				CLANG_WARN_BLOCK_CAPTURE_AUTORELEASING = YES;
				CLANG_WARN_BOOL_CONVERSION = YES;
				CLANG_WARN_COMMA = YES;
				CLANG_WARN_CONSTANT_CONVERSION = YES;
				CLANG_WARN_DEPRECATED_OBJC_IMPLEMENTATIONS = YES;
				CLANG_WARN_DIRECT_OBJC_ISA_USAGE = YES_ERROR;
				CLANG_WARN_DOCUMENTATION_COMMENTS = YES;
				CLANG_WARN_EMPTY_BODY = YES;
				CLANG_WARN_ENUM_CONVERSION = YES;
				CLANG_WARN_INFINITE_RECURSION = YES;
				CLANG_WARN_INT_CONVERSION = YES;
				CLANG_WARN_NON_LITERAL_NULL_CONVERSION = YES;
				CLANG_WARN_OBJC_IMPLICIT_RETAIN_SELF = YES;
				CLANG_WARN_OBJC_LITERAL_CONVERSION = YES;
				CLANG_WARN_OBJC_ROOT_CLASS = YES_ERROR;
				CLANG_WARN_QUOTED_INCLUDE_IN_FRAMEWORK_HEADER = YES;
				CLANG_WARN_RANGE_LOOP_ANALYSIS = YES;
				CLANG_WARN_STRICT_PROTOTYPES = YES;
				CLANG_WARN_SUSPICIOUS_MOVE = YES;
				CLANG_WARN_UNGUARDED_AVAILABILITY = YES_AGGRESSIVE;
				CLANG_WARN_UNREACHABLE_CODE = YES;
				CLANG_WARN__DUPLICATE_METHOD_MATCH = YES;
				COPY_PHASE_STRIP = NO;
				DEBUG_INFORMATION_FORMAT = dwarf;
				ENABLE_STRICT_OBJC_MSGSEND = YES;
				ENABLE_TESTABILITY = YES;
				GCC_C_LANGUAGE_STANDARD = gnu11;
				GCC_DYNAMIC_NO_PIC = NO;
				GCC_NO_COMMON_BLOCKS = YES;
				GCC_OPTIMIZATION_LEVEL = 0;
				GCC_PREPROCESSOR_DEFINITIONS = (
					"DEBUG=1",
					"$(inherited)",
				);
				GCC_WARN_64_TO_32_BIT_CONVERSION = YES;
				GCC_WARN_ABOUT_RETURN_TYPE = YES_ERROR;
				GCC_WARN_UNDECLARED_SELECTOR = YES;
				GCC_WARN_UNINITIALIZED_AUTOS = YES_AGGRESSIVE;
				GCC_WARN_UNUSED_FUNCTION = YES;
				GCC_WARN_UNUSED_VARIABLE = YES;
				IPHONEOS_DEPLOYMENT_TARGET = 14.5;
				MTL_ENABLE_DEBUG_INFO = INCLUDE_SOURCE;
				MTL_FAST_MATH = YES;
				ONLY_ACTIVE_ARCH = YES;
				SDKROOT = iphoneos;
				SWIFT_ACTIVE_COMPILATION_CONDITIONS = DEBUG;
				SWIFT_OPTIMIZATION_LEVEL = "-Onone";
			};
			name = Debug;
		};
		B975227E26D92F9B004B4BC6 /* Release */ = {
			isa = XCBuildConfiguration;
			buildSettings = {
				ALWAYS_SEARCH_USER_PATHS = NO;
				CLANG_ANALYZER_NONNULL = YES;
				CLANG_ANALYZER_NUMBER_OBJECT_CONVERSION = YES_AGGRESSIVE;
				CLANG_CXX_LANGUAGE_STANDARD = "gnu++14";
				CLANG_CXX_LIBRARY = "libc++";
				CLANG_ENABLE_MODULES = YES;
				CLANG_ENABLE_OBJC_ARC = YES;
				CLANG_ENABLE_OBJC_WEAK = YES;
				CLANG_WARN_BLOCK_CAPTURE_AUTORELEASING = YES;
				CLANG_WARN_BOOL_CONVERSION = YES;
				CLANG_WARN_COMMA = YES;
				CLANG_WARN_CONSTANT_CONVERSION = YES;
				CLANG_WARN_DEPRECATED_OBJC_IMPLEMENTATIONS = YES;
				CLANG_WARN_DIRECT_OBJC_ISA_USAGE = YES_ERROR;
				CLANG_WARN_DOCUMENTATION_COMMENTS = YES;
				CLANG_WARN_EMPTY_BODY = YES;
				CLANG_WARN_ENUM_CONVERSION = YES;
				CLANG_WARN_INFINITE_RECURSION = YES;
				CLANG_WARN_INT_CONVERSION = YES;
				CLANG_WARN_NON_LITERAL_NULL_CONVERSION = YES;
				CLANG_WARN_OBJC_IMPLICIT_RETAIN_SELF = YES;
				CLANG_WARN_OBJC_LITERAL_CONVERSION = YES;
				CLANG_WARN_OBJC_ROOT_CLASS = YES_ERROR;
				CLANG_WARN_QUOTED_INCLUDE_IN_FRAMEWORK_HEADER = YES;
				CLANG_WARN_RANGE_LOOP_ANALYSIS = YES;
				CLANG_WARN_STRICT_PROTOTYPES = YES;
				CLANG_WARN_SUSPICIOUS_MOVE = YES;
				CLANG_WARN_UNGUARDED_AVAILABILITY = YES_AGGRESSIVE;
				CLANG_WARN_UNREACHABLE_CODE = YES;
				CLANG_WARN__DUPLICATE_METHOD_MATCH = YES;
				COPY_PHASE_STRIP = NO;
				DEBUG_INFORMATION_FORMAT = "dwarf-with-dsym";
				ENABLE_NS_ASSERTIONS = NO;
				ENABLE_STRICT_OBJC_MSGSEND = YES;
				GCC_C_LANGUAGE_STANDARD = gnu11;
				GCC_NO_COMMON_BLOCKS = YES;
				GCC_WARN_64_TO_32_BIT_CONVERSION = YES;
				GCC_WARN_ABOUT_RETURN_TYPE = YES_ERROR;
				GCC_WARN_UNDECLARED_SELECTOR = YES;
				GCC_WARN_UNINITIALIZED_AUTOS = YES_AGGRESSIVE;
				GCC_WARN_UNUSED_FUNCTION = YES;
				GCC_WARN_UNUSED_VARIABLE = YES;
				IPHONEOS_DEPLOYMENT_TARGET = 14.5;
				MTL_ENABLE_DEBUG_INFO = NO;
				MTL_FAST_MATH = YES;
				SDKROOT = iphoneos;
				SWIFT_COMPILATION_MODE = wholemodule;
				SWIFT_OPTIMIZATION_LEVEL = "-O";
				VALIDATE_PRODUCT = YES;
			};
			name = Release;
		};
		B975228026D92F9B004B4BC6 /* Debug */ = {
			isa = XCBuildConfiguration;
			buildSettings = {
				ASSETCATALOG_COMPILER_APPICON_NAME = AppIcon;
				ASSETCATALOG_COMPILER_GLOBAL_ACCENT_COLOR_NAME = AccentColor;
				CODE_SIGN_STYLE = Automatic;
				DEVELOPMENT_ASSET_PATHS = "";
				ENABLE_PREVIEWS = YES;
				INFOPLIST_FILE = RssReader/Info.plist;
				LD_RUNPATH_SEARCH_PATHS = (
					"$(inherited)",
					"@executable_path/Frameworks",
				);
				PRODUCT_BUNDLE_IDENTIFIER = com.gordana.RssReader;
				PRODUCT_NAME = "$(TARGET_NAME)";
				SWIFT_VERSION = 5.0;
				TARGETED_DEVICE_FAMILY = "1,2";
			};
			name = Debug;
		};
		B975228126D92F9B004B4BC6 /* Release */ = {
			isa = XCBuildConfiguration;
			buildSettings = {
				ASSETCATALOG_COMPILER_APPICON_NAME = AppIcon;
				ASSETCATALOG_COMPILER_GLOBAL_ACCENT_COLOR_NAME = AccentColor;
				CODE_SIGN_STYLE = Automatic;
				DEVELOPMENT_ASSET_PATHS = "";
				ENABLE_PREVIEWS = YES;
				INFOPLIST_FILE = RssReader/Info.plist;
				LD_RUNPATH_SEARCH_PATHS = (
					"$(inherited)",
					"@executable_path/Frameworks",
				);
				PRODUCT_BUNDLE_IDENTIFIER = com.gordana.RssReader;
				PRODUCT_NAME = "$(TARGET_NAME)";
				SWIFT_VERSION = 5.0;
				TARGETED_DEVICE_FAMILY = "1,2";
			};
			name = Release;
		};
		B975228326D92F9B004B4BC6 /* Debug */ = {
			isa = XCBuildConfiguration;
			buildSettings = {
				ALWAYS_EMBED_SWIFT_STANDARD_LIBRARIES = YES;
				BUNDLE_LOADER = "$(TEST_HOST)";
				CODE_SIGN_STYLE = Automatic;
				INFOPLIST_FILE = RssReaderTests/Info.plist;
				IPHONEOS_DEPLOYMENT_TARGET = 14.5;
				LD_RUNPATH_SEARCH_PATHS = (
					"$(inherited)",
					"@executable_path/Frameworks",
					"@loader_path/Frameworks",
				);
				PRODUCT_BUNDLE_IDENTIFIER = com.gordana.RssReaderTests;
				PRODUCT_NAME = "$(TARGET_NAME)";
				SWIFT_VERSION = 5.0;
				TARGETED_DEVICE_FAMILY = "1,2";
				TEST_HOST = "$(BUILT_PRODUCTS_DIR)/RssReader.app/RssReader";
			};
			name = Debug;
		};
		B975228426D92F9B004B4BC6 /* Release */ = {
			isa = XCBuildConfiguration;
			buildSettings = {
				ALWAYS_EMBED_SWIFT_STANDARD_LIBRARIES = YES;
				BUNDLE_LOADER = "$(TEST_HOST)";
				CODE_SIGN_STYLE = Automatic;
				INFOPLIST_FILE = RssReaderTests/Info.plist;
				IPHONEOS_DEPLOYMENT_TARGET = 14.5;
				LD_RUNPATH_SEARCH_PATHS = (
					"$(inherited)",
					"@executable_path/Frameworks",
					"@loader_path/Frameworks",
				);
				PRODUCT_BUNDLE_IDENTIFIER = com.gordana.RssReaderTests;
				PRODUCT_NAME = "$(TARGET_NAME)";
				SWIFT_VERSION = 5.0;
				TARGETED_DEVICE_FAMILY = "1,2";
				TEST_HOST = "$(BUILT_PRODUCTS_DIR)/RssReader.app/RssReader";
			};
			name = Release;
		};
		B975228626D92F9B004B4BC6 /* Debug */ = {
			isa = XCBuildConfiguration;
			buildSettings = {
				ALWAYS_EMBED_SWIFT_STANDARD_LIBRARIES = YES;
				CODE_SIGN_STYLE = Automatic;
				INFOPLIST_FILE = RssReaderUITests/Info.plist;
				LD_RUNPATH_SEARCH_PATHS = (
					"$(inherited)",
					"@executable_path/Frameworks",
					"@loader_path/Frameworks",
				);
				PRODUCT_BUNDLE_IDENTIFIER = com.gordana.RssReaderUITests;
				PRODUCT_NAME = "$(TARGET_NAME)";
				SWIFT_VERSION = 5.0;
				TARGETED_DEVICE_FAMILY = "1,2";
				TEST_TARGET_NAME = RssReader;
			};
			name = Debug;
		};
		B975228726D92F9B004B4BC6 /* Release */ = {
			isa = XCBuildConfiguration;
			buildSettings = {
				ALWAYS_EMBED_SWIFT_STANDARD_LIBRARIES = YES;
				CODE_SIGN_STYLE = Automatic;
				INFOPLIST_FILE = RssReaderUITests/Info.plist;
				LD_RUNPATH_SEARCH_PATHS = (
					"$(inherited)",
					"@executable_path/Frameworks",
					"@loader_path/Frameworks",
				);
				PRODUCT_BUNDLE_IDENTIFIER = com.gordana.RssReaderUITests;
				PRODUCT_NAME = "$(TARGET_NAME)";
				SWIFT_VERSION = 5.0;
				TARGETED_DEVICE_FAMILY = "1,2";
				TEST_TARGET_NAME = RssReader;
			};
			name = Release;
		};
/* End XCBuildConfiguration section */

/* Begin XCConfigurationList section */
		B975225026D92F99004B4BC6 /* Build configuration list for PBXProject "RssReader" */ = {
			isa = XCConfigurationList;
			buildConfigurations = (
				B975227D26D92F9B004B4BC6 /* Debug */,
				B975227E26D92F9B004B4BC6 /* Release */,
			);
			defaultConfigurationIsVisible = 0;
			defaultConfigurationName = Release;
		};
		B975227F26D92F9B004B4BC6 /* Build configuration list for PBXNativeTarget "RssReader" */ = {
			isa = XCConfigurationList;
			buildConfigurations = (
				B975228026D92F9B004B4BC6 /* Debug */,
				B975228126D92F9B004B4BC6 /* Release */,
			);
			defaultConfigurationIsVisible = 0;
			defaultConfigurationName = Release;
		};
		B975228226D92F9B004B4BC6 /* Build configuration list for PBXNativeTarget "RssReaderTests" */ = {
			isa = XCConfigurationList;
			buildConfigurations = (
				B975228326D92F9B004B4BC6 /* Debug */,
				B975228426D92F9B004B4BC6 /* Release */,
			);
			defaultConfigurationIsVisible = 0;
			defaultConfigurationName = Release;
		};
		B975228526D92F9B004B4BC6 /* Build configuration list for PBXNativeTarget "RssReaderUITests" */ = {
			isa = XCConfigurationList;
			buildConfigurations = (
				B975228626D92F9B004B4BC6 /* Debug */,
				B975228726D92F9B004B4BC6 /* Release */,
			);
			defaultConfigurationIsVisible = 0;
			defaultConfigurationName = Release;
		};
/* End XCConfigurationList section */

/* Begin XCRemoteSwiftPackageReference section */
		B9B80BD326D9340E0030024E /* XCRemoteSwiftPackageReference "SnapKit" */ = {
			isa = XCRemoteSwiftPackageReference;
			repositoryURL = "https://github.com/SnapKit/SnapKit";
			requirement = {
				kind = upToNextMajorVersion;
				minimumVersion = 5.0.1;
			};
		};
		B9B80BD626D934760030024E /* XCRemoteSwiftPackageReference "RxSwift" */ = {
			isa = XCRemoteSwiftPackageReference;
			repositoryURL = "https://github.com/ReactiveX/RxSwift";
			requirement = {
				kind = upToNextMajorVersion;
				minimumVersion = 6.2.0;
			};
		};
		B9B80BDD26D934B10030024E /* XCRemoteSwiftPackageReference "FeedKit" */ = {
			isa = XCRemoteSwiftPackageReference;
			repositoryURL = "https://github.com/nmdias/FeedKit";
			requirement = {
				kind = upToNextMajorVersion;
				minimumVersion = 9.1.2;
			};
		};
/* End XCRemoteSwiftPackageReference section */

/* Begin XCSwiftPackageProductDependency section */
		B9B80BD426D9340E0030024E /* SnapKit */ = {
			isa = XCSwiftPackageProductDependency;
			package = B9B80BD326D9340E0030024E /* XCRemoteSwiftPackageReference "SnapKit" */;
			productName = SnapKit;
		};
		B9B80BD726D934760030024E /* RxSwift */ = {
			isa = XCSwiftPackageProductDependency;
			package = B9B80BD626D934760030024E /* XCRemoteSwiftPackageReference "RxSwift" */;
			productName = RxSwift;
		};
		B9B80BD926D934760030024E /* RxCocoa */ = {
			isa = XCSwiftPackageProductDependency;
			package = B9B80BD626D934760030024E /* XCRemoteSwiftPackageReference "RxSwift" */;
			productName = RxCocoa;
		};
		B9B80BDB26D934760030024E /* RxRelay */ = {
			isa = XCSwiftPackageProductDependency;
			package = B9B80BD626D934760030024E /* XCRemoteSwiftPackageReference "RxSwift" */;
			productName = RxRelay;
		};
		B9B80BDE26D934B10030024E /* FeedKit */ = {
			isa = XCSwiftPackageProductDependency;
			package = B9B80BDD26D934B10030024E /* XCRemoteSwiftPackageReference "FeedKit" */;
			productName = FeedKit;
		};
/* End XCSwiftPackageProductDependency section */
	};
	rootObject = B975224D26D92F99004B4BC6 /* Project object */;
}
